
Microsoft Visual Studio Solution File, Format Version 12.00
# Visual Studio Version 16
VisualStudioVersion = 16.0.31410.357
MinimumVisualStudioVersion = 10.0.40219.1
Project("{FAE04EC0-301F-11D3-BF4B-00C04F79EFBC}") = "Xaero.Authentication", "Xaero.Authentication\Xaero.Authentication.csproj", "{80FEA036-4575-4068-87A7-AC00DCE90979}"
EndProject
Global
	GlobalSection(SolutionConfigurationPlatforms) = preSolution
		Debug|Any CPU = Debug|Any CPU
		Release|Any CPU = Release|Any CPU
	EndGlobalSection
	GlobalSection(ProjectConfigurationPlatforms) = postSolution
		{80FEA036-4575-4068-87A7-AC00DCE90979}.Debug|Any CPU.ActiveCfg = Debug|Any CPU
		{80FEA036-4575-4068-87A7-AC00DCE90979}.Debug|Any CPU.Build.0 = Debug|Any CPU
		{80FEA036-4575-4068-87A7-AC00DCE90979}.Release|Any CPU.ActiveCfg = Release|Any CPU
		{80FEA036-4575-4068-87A7-AC00DCE90979}.Release|Any CPU.Build.0 = Release|Any CPU
	EndGlobalSection
	GlobalSection(SolutionProperties) = preSolution
		HideSolutionNode = FALSE
	EndGlobalSection
	GlobalSection(ExtensibilityGlobals) = postSolution
		SolutionGuid = {98386EA8-33AB-490F-989A-D0B2FE860C73}
	EndGlobalSection
EndGlobal
